
Microsoft Visual Studio Solution File, Format Version 12.00
# Visual Studio Version 17
VisualStudioVersion = 17.11.35312.102
MinimumVisualStudioVersion = 10.0.40219.1
Project("{FAE04EC0-301F-11D3-BF4B-00C04F79EFBC}") = "Lab3.1", "Lab3.1.csproj", "{FBF735F9-56D0-4A09-B4E8-8F5C02C31B9D}"
EndProject
Global
	GlobalSection(SolutionConfigurationPlatforms) = preSolution
		Debug|Any CPU = Debug|Any CPU
		Release|Any CPU = Release|Any CPU
	EndGlobalSection
	GlobalSection(ProjectConfigurationPlatforms) = postSolution
		{FBF735F9-56D0-4A09-B4E8-8F5C02C31B9D}.Debug|Any CPU.ActiveCfg = Debug|Any CPU
		{FBF735F9-56D0-4A09-B4E8-8F5C02C31B9D}.Debug|Any CPU.Build.0 = Debug|Any CPU
		{FBF735F9-56D0-4A09-B4E8-8F5C02C31B9D}.Release|Any CPU.ActiveCfg = Release|Any CPU
		{FBF735F9-56D0-4A09-B4E8-8F5C02C31B9D}.Release|Any CPU.Build.0 = Release|Any CPU
	EndGlobalSection
	GlobalSection(SolutionProperties) = preSolution
		HideSolutionNode = FALSE
	EndGlobalSection
	GlobalSection(ExtensibilityGlobals) = postSolution
		SolutionGuid = {4E0CE3EE-65CF-44DA-8967-5DD37BAB8E72}
	EndGlobalSection
EndGlobal
